[[package]]
name = "environs"
version = "9.3.5"
description = "simplified environment variable parsing"
category = "main"
optional = false
python-versions = ">=3.6"

[package.dependencies]
marshmallow = ">=3.0.0"
python-dotenv = "*"

[package.extras]
dev = ["pytest", "dj-database-url", "dj-email-url", "django-cache-url", "flake8 (==4.0.1)", "flake8-bugbear (==21.9.2)", "mypy (==0.910)", "pre-commit (>=2.4,<3.0)", "tox"]
django = ["dj-database-url", "dj-email-url", "django-cache-url"]
lint = ["flake8 (==4.0.1)", "flake8-bugbear (==21.9.2)", "mypy (==0.910)", "pre-commit (>=2.4,<3.0)"]
tests = ["pytest", "dj-database-url", "dj-email-url", "django-cache-url"]

[[package]]
name = "marshmallow"
version = "3.14.1"
description = "A lightweight library for converting complex datatypes to and from native Python datatypes."
category = "main"
optional = false
python-versions = ">=3.6"

[package.extras]
dev = ["pytest", "pytz", "simplejson", "mypy (==0.910)", "flake8 (==4.0.1)", "flake8-bugbear (==21.9.2)", "pre-commit (>=2.4,<3.0)", "tox"]
docs = ["sphinx (==4.3.0)", "sphinx-issues (==1.2.0)", "alabaster (==0.7.12)", "sphinx-version-warning (==1.1.2)", "autodocsumm (==0.2.7)"]
lint = ["mypy (==0.910)", "flake8 (==4.0.1)", "flake8-bugbear (==21.9.2)", "pre-commit (>=2.4,<3.0)"]
tests = ["pytest", "pytz", "simplejson"]

[[package]]
name = "numpy"
version = "1.21.5"
description = "NumPy is the fundamental package for array computing with Python."
category = "main"
optional = false
python-versions = ">=3.7,<3.11"

[[package]]
name = "opencv-python"
version = "4.5.4.60"
description = "Wrapper package for OpenCV python bindings."
category = "main"
optional = false
python-versions = ">=3.6"

[package.dependencies]
numpy = ">=1.21.2"

[[package]]
name = "python-dotenv"
version = "0.19.2"
description = "Read key-value pairs from a .env file and set them as environment variables"
category = "main"
optional = false
python-versions = ">=3.5"

[package.extras]
cli = ["click (>=5.0)"]

[[package]]
name = "torch"
version = "1.10.1"
description = "Tensors and Dynamic neural networks in Python with strong GPU acceleration"
category = "main"
optional = false
python-versions = ">=3.6.2"

[package.dependencies]
typing-extensions = "*"

[[package]]
name = "typing-extensions"
version = "4.0.1"
description = "Backported and Experimental Type Hints for Python 3.6+"
category = "main"
optional = false
python-versions = ">=3.6"

[metadata]
lock-version = "1.1"
python-versions = "3.8"
content-hash = "8121aad6f9a184c4d2bb33b0495c9286efcfc70a9134bf445f6662eafae8e31a"

[metadata.files]
environs = [
    {file = "environs-9.3.5-py2.py3-none-any.whl", hash = "sha256:f5a3ca00afd32a82e098597c7dc8899bea5ed451d31055e518e8c7681cdf1c2b"},
    {file = "environs-9.3.5.tar.gz", hash = "sha256:47128992b854cf7e279e62127100767d765a1ead8d22f355e63c00661550131b"},
]
marshmallow = [
    {file = "marshmallow-3.14.1-py3-none-any.whl", hash = "sha256:04438610bc6dadbdddb22a4a55bcc7f6f8099e69580b2e67f5a681933a1f4400"},
    {file = "marshmallow-3.14.1.tar.gz", hash = "sha256:4c05c1684e0e97fe779c62b91878f173b937fe097b356cd82f793464f5bc6138"},
]
numpy = [
    {file = "numpy-1.21.5-cp310-cp310-macosx_10_9_universal2.whl", hash = "sha256:301e408a052fdcda5cdcf03021ebafc3c6ea093021bf9d1aa47c54d48bdad166"},
    {file = "numpy-1.21.5-cp310-cp310-macosx_10_9_x86_64.whl", hash = "sha256:a7e8f6216f180f3fd4efb73de5d1eaefb5f5a1ee5b645c67333033e39440e63a"},
    {file = "numpy-1.21.5-cp310-cp310-macosx_11_0_arm64.whl", hash = "sha256:fc7a7d7b0ed72589fd8b8486b9b42a564f10b8762be8bd4d9df94b807af4a089"},
    {file = "numpy-1.21.5-cp310-cp310-manylinux_2_17_aarch64.manylinux2014_aarch64.whl", hash = "sha256:58ca1d7c8aef6e996112d0ce873ac9dfa1eaf4a1196b4ff7ff73880a09923ba7"},
    {file = "numpy-1.21.5-cp310-cp310-manylinux_2_17_x86_64.manylinux2014_x86_64.whl", hash = "sha256:dc4b2fb01f1b4ddbe2453468ea0719f4dbb1f5caa712c8b21bb3dd1480cd30d9"},
    {file = "numpy-1.21.5-cp310-cp310-win_amd64.whl", hash = "sha256:cc1b30205d138d1005adb52087ff45708febbef0e420386f58664f984ef56954"},
    {file = "numpy-1.21.5-cp37-cp37m-macosx_10_9_x86_64.whl", hash = "sha256:08de8472d9f7571f9d51b27b75e827f5296295fa78817032e84464be8bb905bc"},
    {file = "numpy-1.21.5-cp37-cp37m-manylinux_2_12_i686.manylinux2010_i686.whl", hash = "sha256:4fe6a006557b87b352c04596a6e3f12a57d6e5f401d804947bd3188e6b0e0e76"},
    {file = "numpy-1.21.5-cp37-cp37m-manylinux_2_12_x86_64.manylinux2010_x86_64.whl", hash = "sha256:3d893b0871322eaa2f8c7072cdb552d8e2b27645b7875a70833c31e9274d4611"},
    {file = "numpy-1.21.5-cp37-cp37m-manylinux_2_17_aarch64.manylinux2014_aarch64.whl", hash = "sha256:341dddcfe3b7b6427a28a27baa59af5ad51baa59bfec3264f1ab287aa3b30b13"},
    {file = "numpy-1.21.5-cp37-cp37m-win32.whl", hash = "sha256:ca9c23848292c6fe0a19d212790e62f398fd9609aaa838859be8459bfbe558aa"},
    {file = "numpy-1.21.5-cp37-cp37m-win_amd64.whl", hash = "sha256:025b497014bc33fc23897859350f284323f32a2fff7654697f5a5fc2a19e9939"},
    {file = "numpy-1.21.5-cp38-cp38-macosx_10_9_universal2.whl", hash = "sha256:3a5098df115340fb17fc93867317a947e1dcd978c3888c5ddb118366095851f8"},
    {file = "numpy-1.21.5-cp38-cp38-macosx_10_9_x86_64.whl", hash = "sha256:311283acf880cfcc20369201bd75da907909afc4666966c7895cbed6f9d2c640"},
    {file = "numpy-1.21.5-cp38-cp38-macosx_11_0_arm64.whl", hash = "sha256:b545ebadaa2b878c8630e5bcdb97fc4096e779f335fc0f943547c1c91540c815"},
    {file = "numpy-1.21.5-cp38-cp38-manylinux_2_12_i686.manylinux2010_i686.whl", hash = "sha256:c5562bcc1a9b61960fc8950ade44d00e3de28f891af0acc96307c73613d18f6e"},
    {file = "numpy-1.21.5-cp38-cp38-manylinux_2_12_x86_64.manylinux2010_x86_64.whl", hash = "sha256:eed2afaa97ec33b4411995be12f8bdb95c87984eaa28d76cf628970c8a2d689a"},
    {file = "numpy-1.21.5-cp38-cp38-manylinux_2_17_aarch64.manylinux2014_aarch64.whl", hash = "sha256:61bada43d494515d5b122f4532af226fdb5ee08fe5b5918b111279843dc6836a"},
    {file = "numpy-1.21.5-cp38-cp38-win32.whl", hash = "sha256:7b9d6b14fc9a4864b08d1ba57d732b248f0e482c7b2ff55c313137e3ed4d8449"},
    {file = "numpy-1.21.5-cp38-cp38-win_amd64.whl", hash = "sha256:dbce7adeb66b895c6aaa1fad796aaefc299ced597f6fbd9ceddb0dd735245354"},
    {file = "numpy-1.21.5-cp39-cp39-macosx_10_9_universal2.whl", hash = "sha256:507c05c7a37b3683eb08a3ff993bd1ee1e6c752f77c2f275260533b265ecdb6c"},
    {file = "numpy-1.21.5-cp39-cp39-macosx_10_9_x86_64.whl", hash = "sha256:00c9fa73a6989895b8815d98300a20ac993c49ac36c8277e8ffeaa3631c0dbbb"},
    {file = "numpy-1.21.5-cp39-cp39-macosx_11_0_arm64.whl", hash = "sha256:69a5a8d71c308d7ef33ef72371c2388a90e3495dbb7993430e674006f94797d5"},
    {file = "numpy-1.21.5-cp39-cp39-manylinux_2_12_i686.manylinux2010_i686.whl", hash = "sha256:2d8adfca843bc46ac199a4645233f13abf2011a0b2f4affc5c37cd552626f27b"},
    {file = "numpy-1.21.5-cp39-cp39-manylinux_2_12_x86_64.manylinux2010_x86_64.whl", hash = "sha256:c293d3c0321996cd8ffe84215ffe5d269fd9d1d12c6f4ffe2b597a7c30d3e593"},
    {file = "numpy-1.21.5-cp39-cp39-manylinux_2_17_aarch64.manylinux2014_aarch64.whl", hash = "sha256:3c978544be9e04ed12016dd295a74283773149b48f507d69b36f91aa90a643e5"},
    {file = "numpy-1.21.5-cp39-cp39-win32.whl", hash = "sha256:2a9add27d7fc0fdb572abc3b2486eb3b1395da71e0254c5552b2aad2a18b5441"},
    {file = "numpy-1.21.5-cp39-cp39-win_amd64.whl", hash = "sha256:1964db2d4a00348b7a60ee9d013c8cb0c566644a589eaa80995126eac3b99ced"},
    {file = "numpy-1.21.5-pp37-pypy37_pp73-manylinux_2_12_x86_64.manylinux2010_x86_64.whl", hash = "sha256:a7c4b701ca418cd39e28ec3b496e6388fe06de83f5f0cb74794fa31cfa384c02"},
    {file = "numpy-1.21.5.zip", hash = "sha256:6a5928bc6241264dce5ed509e66f33676fc97f464e7a919edc672fb5532221ee"},
]
opencv-python = [
    {file = "opencv-python-4.5.4.60.tar.gz", hash = "sha256:f609558a8fe1bf66f6c81816ca14d8e51500c8b53ee44bc644c73f98f1c5655e"},
    {file = "opencv_python-4.5.4.60-cp310-cp310-macosx_11_0_arm64.whl", hash = "sha256:9aa3d2fcaad79681720128ffe402a2ad9fbb524826a431ae9773d29ae3075967"},
    {file = "opencv_python-4.5.4.60-cp310-cp310-macosx_11_0_x86_64.whl", hash = "sha256:84fdfbb88836039e812f36cdc4a9c8bd330827084b0849ffec7a0b143ad980d9"},
    {file = "opencv_python-4.5.4.60-cp310-cp310-manylinux_2_17_aarch64.manylinux2014_aarch64.whl", hash = "sha256:febc6e52db03cc0ca1cd2fc56c8f94ac15349ca19d10732261c766c463e681a6"},
    {file = "opencv_python-4.5.4.60-cp310-cp310-manylinux_2_17_x86_64.manylinux2014_x86_64.whl", hash = "sha256:b336f17bf90be734ec6d1bbbfc9fa8130fb1c110ff0746ab4374ba0422ea15a5"},
    {file = "opencv_python-4.5.4.60-cp310-cp310-win32.whl", hash = "sha256:62161bf98661baa7dbc13971bd873303a28d5ef1c5f00e6a030b6e6da2025abd"},
    {file = "opencv_python-4.5.4.60-cp310-cp310-win_amd64.whl", hash = "sha256:5eab0f45a33fdbb62a6984538a97e9f8b33d370afd35face04036a3195dbb787"},
    {file = "opencv_python-4.5.4.60-cp36-cp36m-macosx_10_15_x86_64.whl", hash = "sha256:f5902060f14a83d363163dd1bbf54876977c379fb56666e5557394eecca1f364"},
    {file = "opencv_python-4.5.4.60-cp36-cp36m-manylinux_2_17_aarch64.manylinux2014_aarch64.whl", hash = "sha256:b861c96a31d5d9c60fd0e4e8b05eb258a2da0ec77e7eae5711a71159627c1548"},
    {file = "opencv_python-4.5.4.60-cp36-cp36m-manylinux_2_17_x86_64.manylinux2014_x86_64.whl", hash = "sha256:340999b852ca03f1f4ec058f3bb71dfb45b9b1b538fad13985e6fea8abbd6eb0"},
    {file = "opencv_python-4.5.4.60-cp36-cp36m-win32.whl", hash = "sha256:5fe9ba0be2f0f15e64ccd19c9d050d163cc70d9b718b6a03564056c0ae4be8e8"},
    {file = "opencv_python-4.5.4.60-cp36-cp36m-win_amd64.whl", hash = "sha256:22765c4a9249bca0764a9ae82fe849a43708db21a9984ac1406503db97816bee"},
    {file = "opencv_python-4.5.4.60-cp37-cp37m-macosx_10_15_x86_64.whl", hash = "sha256:e688176481d9ace9f166eac9dbb0313cbb9b4d1aef82e57632c4db404bd33942"},
    {file = "opencv_python-4.5.4.60-cp37-cp37m-macosx_11_0_arm64.whl", hash = "sha256:9e9c2835c853d45b8f73628e14ca358e0d15132a703e7728a35269fa233792fc"},
    {file = "opencv_python-4.5.4.60-cp37-cp37m-manylinux_2_17_aarch64.manylinux2014_aarch64.whl", hash = "sha256:aa6b688804e8590851d5f7c96886c9bd8cdd105c7ae6776f03c5ecd35465c062"},
    {file = "opencv_python-4.5.4.60-cp37-cp37m-manylinux_2_17_x86_64.manylinux2014_x86_64.whl", hash = "sha256:93704f7f873acb4fdb0fe62f9b62c000ec0e5a4c6af55578fd596b089dc4eb4f"},
    {file = "opencv_python-4.5.4.60-cp37-cp37m-win32.whl", hash = "sha256:9e9d4e11b6e50ebe726daa2f0f7724fd877769476e352a7274f2107a3094de40"},
    {file = "opencv_python-4.5.4.60-cp37-cp37m-win_amd64.whl", hash = "sha256:3eed69cb9a95fc51ecc5463f2d5f50dcc8b9e01dc5ae8dbb423df2937f415304"},
    {file = "opencv_python-4.5.4.60-cp38-cp38-macosx_10_15_x86_64.whl", hash = "sha256:eebe92d48833fe244ef19b88bcd8f7c4f61713a4f6d46694dd538025ac38aa1c"},
    {file = "opencv_python-4.5.4.60-cp38-cp38-macosx_11_0_arm64.whl", hash = "sha256:26dccfb820e01ba822255d093139934a26ad4c5e8a74a7b79e71f8d5c2a0d186"},
    {file = "opencv_python-4.5.4.60-cp38-cp38-manylinux_2_17_aarch64.manylinux2014_aarch64.whl", hash = "sha256:ba0fb91d916fce3f6b7ac5be2d365d3949ba8a176262cf6a6dd366967544fa4d"},
    {file = "opencv_python-4.5.4.60-cp38-cp38-manylinux_2_17_x86_64.manylinux2014_x86_64.whl", hash = "sha256:7d0bce53e1edf6e5d4eafd274bcfa314b506a10f12bce74f15b0a52cbadb87db"},
    {file = "opencv_python-4.5.4.60-cp38-cp38-win32.whl", hash = "sha256:1617dc24fe670f128fc49e0b57f1fecdc7b41babd2ccc9b7a1d9491045e32c27"},
    {file = "opencv_python-4.5.4.60-cp38-cp38-win_amd64.whl", hash = "sha256:9141e88bfa67d9d4ac750fec18449065d105b8b3d00bbfb58b097bcc4fa6f018"},
    {file = "opencv_python-4.5.4.60-cp39-cp39-macosx_10_15_x86_64.whl", hash = "sha256:fb8b81e1756522def5518914d916205da5cf34796b60adb592373991d100c769"},
    {file = "opencv_python-4.5.4.60-cp39-cp39-macosx_11_0_arm64.whl", hash = "sha256:811f0df2a3ecaf7dacd77394862f3e0a04feedae190a51fd50c243016f1da7ff"},
    {file = "opencv_python-4.5.4.60-cp39-cp39-manylinux_2_17_aarch64.manylinux2014_aarch64.whl", hash = "sha256:7c95121d88c18affb3ac338d7faa137f7ccaa801c07db5a43d775f95d0f50ec1"},
    {file = "opencv_python-4.5.4.60-cp39-cp39-manylinux_2_17_x86_64.manylinux2014_x86_64.whl", hash = "sha256:34ff0af4a40a36aa19e02a3efd27b4f68afbf60d631d1fd1aeb5b73b525943d7"},
    {file = "opencv_python-4.5.4.60-cp39-cp39-win32.whl", hash = "sha256:5f62798d00efc1299cc87fcc788b11d0541114f0df35e0f2033c34751e4f708e"},
    {file = "opencv_python-4.5.4.60-cp39-cp39-win_amd64.whl", hash = "sha256:abfecb14c7fc23c5c1337a71b67cc852d79de67311a9a557c41a37bf5de35bf9"},
]
python-dotenv = [
    {file = "python-dotenv-0.19.2.tar.gz", hash = "sha256:a5de49a31e953b45ff2d2fd434bbc2670e8db5273606c1e737cc6b93eff3655f"},
    {file = "python_dotenv-0.19.2-py2.py3-none-any.whl", hash = "sha256:32b2bdc1873fd3a3c346da1c6db83d0053c3c62f28f1f38516070c4c8971b1d3"},
]
torch = [
    {file = "torch-1.10.1-cp36-cp36m-manylinux1_x86_64.whl", hash = "sha256:adbb5f292e260e39715d67478823e03e3001db1af5b02c18caa34549dccb421e"},
    {file = "torch-1.10.1-cp36-cp36m-manylinux2014_aarch64.whl", hash = "sha256:ac8cae04458cc47555fa07a760496c2fdf687223bcc13df5fed56ea3aead37f5"},
    {file = "torch-1.10.1-cp36-cp36m-win_amd64.whl", hash = "sha256:40508d67288c46ff1fad301fa6e996e0e936a733f2401475fc92c21dc3ef702d"},
    {file = "torch-1.10.1-cp36-none-macosx_10_9_x86_64.whl", hash = "sha256:8b47bd113c6cbd9a49669aaaa233ad5f25852d6ca3e640f9c71c808e65a1fdf4"},
    {file = "torch-1.10.1-cp37-cp37m-manylinux1_x86_64.whl", hash = "sha256:50360868ad3f039cf99f0250300dbec51bf686a7b84dc6bbdb8dff4b1171c0f0"},
    {file = "torch-1.10.1-cp37-cp37m-manylinux2014_aarch64.whl", hash = "sha256:e3d2154722189ed74747a494dce9588978dd55e43ca24c5bd307fb52620b232b"},
    {file = "torch-1.10.1-cp37-cp37m-win_amd64.whl", hash = "sha256:d9c495bcd5f00becff5b051b5e4be86b7eaa0433cd0fe57f77c02bc1b93ab5b1"},
    {file = "torch-1.10.1-cp37-none-macosx_10_9_x86_64.whl", hash = "sha256:6b327d7b4eb2461b16d46763d46df71e597235ccc428650538a2735a0898270d"},
    {file = "torch-1.10.1-cp38-cp38-manylinux1_x86_64.whl", hash = "sha256:1c6c56178e5dacf7602ad00dc79c263d6c41c0f76261e9641e6bd2679678ceb3"},
    {file = "torch-1.10.1-cp38-cp38-manylinux2014_aarch64.whl", hash = "sha256:2ffa2db4ccb6466c59e3f95b7a582d47ae721e476468f4ffbcaa2832e0b92b9b"},
    {file = "torch-1.10.1-cp38-cp38-win_amd64.whl", hash = "sha256:af577602e884c5e40fbd29ec978f052202355da93cd31e0a23251bd7aaff5a99"},
    {file = "torch-1.10.1-cp38-none-macosx_10_9_x86_64.whl", hash = "sha256:725d86e9809073eef868a3ddf4189878ee7af46fac71403834dd0925b3db9b82"},
    {file = "torch-1.10.1-cp38-none-macosx_11_0_arm64.whl", hash = "sha256:fa197cfe047d0515bef238f42472721406609ebaceff2fd4e17f2ad4692ee51c"},
    {file = "torch-1.10.1-cp39-cp39-manylinux1_x86_64.whl", hash = "sha256:cca660b27a90dbbc0af06c859260f6b875aef37c0897bd353e5deed085d2c877"},
    {file = "torch-1.10.1-cp39-cp39-manylinux2014_aarch64.whl", hash = "sha256:01f4ffdafbfbd7d106fb4e487feee2cf29cced9903df8cb0444b0e308f9c5e92"},
    {file = "torch-1.10.1-cp39-cp39-win_amd64.whl", hash = "sha256:607eccb7d539a11877cd02d95f4b164b7941fcf538ac7ff087bfed19e3644283"},
    {file = "torch-1.10.1-cp39-none-macosx_10_9_x86_64.whl", hash = "sha256:26b6dfbe21e247e67c615bfab0017ec391ed1517f88bbeea6228a49edd24cd88"},
    {file = "torch-1.10.1-cp39-none-macosx_11_0_arm64.whl", hash = "sha256:5644280d88c5b6de27eacc0d911f968aad41a4bab297af4df5e571bc0927d3e4"},
]
typing-extensions = [
    {file = "typing_extensions-4.0.1-py3-none-any.whl", hash = "sha256:7f001e5ac290a0c0401508864c7ec868be4e701886d5b573a9528ed3973d9d3b"},
    {file = "typing_extensions-4.0.1.tar.gz", hash = "sha256:4ca091dea149f945ec56afb48dae714f21e8692ef22a395223bcd328961b6a0e"},
]
